
Microsoft Visual Studio Solution File, Format Version 12.00
# Visual Studio 2013
VisualStudioVersion = 12.0.30501.0
MinimumVisualStudioVersion = 10.0.40219.1
Project("{FAE04EC0-301F-11D3-BF4B-00C04F79EFBC}") = "GracefulDynamicDictionary", "GracefulDynamicDictionary\GracefulDynamicDictionary.csproj", "{7F64B902-F963-4D61-8E9E-090724CF7C64}"
EndProject
Project("{FAE04EC0-301F-11D3-BF4B-00C04F79EFBC}") = "GracefulDynamicDictionary.Tests", "GracefulDynamicDictionary.Tests\GracefulDynamicDictionary.Tests.csproj", "{6632EFF2-ECDB-4727-A188-A7CEB6527096}"
EndProject
Global
	GlobalSection(SolutionConfigurationPlatforms) = preSolution
		Debug|Any CPU = Debug|Any CPU
		Release|Any CPU = Release|Any CPU
	EndGlobalSection
	GlobalSection(ProjectConfigurationPlatforms) = postSolution
		{7F64B902-F963-4D61-8E9E-090724CF7C64}.Debug|Any CPU.ActiveCfg = Debug|Any CPU
		{7F64B902-F963-4D61-8E9E-090724CF7C64}.Debug|Any CPU.Build.0 = Debug|Any CPU
		{7F64B902-F963-4D61-8E9E-090724CF7C64}.Release|Any CPU.ActiveCfg = Release|Any CPU
		{7F64B902-F963-4D61-8E9E-090724CF7C64}.Release|Any CPU.Build.0 = Release|Any CPU
		{6632EFF2-ECDB-4727-A188-A7CEB6527096}.Debug|Any CPU.ActiveCfg = Debug|Any CPU
		{6632EFF2-ECDB-4727-A188-A7CEB6527096}.Debug|Any CPU.Build.0 = Debug|Any CPU
		{6632EFF2-ECDB-4727-A188-A7CEB6527096}.Release|Any CPU.ActiveCfg = Release|Any CPU
		{6632EFF2-ECDB-4727-A188-A7CEB6527096}.Release|Any CPU.Build.0 = Release|Any CPU
	EndGlobalSection
	GlobalSection(SolutionProperties) = preSolution
		HideSolutionNode = FALSE
	EndGlobalSection
EndGlobal
